
Microsoft Visual Studio Solution File, Format Version 12.00
# Visual Studio Version 16
VisualStudioVersion = 16.0.29806.167
MinimumVisualStudioVersion = 10.0.40219.1
Project("{FAE04EC0-301F-11D3-BF4B-00C04F79EFBC}") = "JaiSeqXLJA", "JaiSeqXLJA\JaiSeqXLJA.csproj", "{CFF1FFDE-134A-4FD0-8E77-8CDC36A2CA7D}"
EndProject
Global
	GlobalSection(SolutionConfigurationPlatforms) = preSolution
		Debug|Any CPU = Debug|Any CPU
		Release|Any CPU = Release|Any CPU
	EndGlobalSection
	GlobalSection(ProjectConfigurationPlatforms) = postSolution
		{CFF1FFDE-134A-4FD0-8E77-8CDC36A2CA7D}.Debug|Any CPU.ActiveCfg = Debug|Any CPU
		{CFF1FFDE-134A-4FD0-8E77-8CDC36A2CA7D}.Debug|Any CPU.Build.0 = Debug|Any CPU
		{CFF1FFDE-134A-4FD0-8E77-8CDC36A2CA7D}.Release|Any CPU.ActiveCfg = Release|Any CPU
		{CFF1FFDE-134A-4FD0-8E77-8CDC36A2CA7D}.Release|Any CPU.Build.0 = Release|Any CPU
	EndGlobalSection
	GlobalSection(SolutionProperties) = preSolution
		HideSolutionNode = FALSE
	EndGlobalSection
	GlobalSection(ExtensibilityGlobals) = postSolution
		SolutionGuid = {1D0675F6-9A51-4342-A067-C945F18E683B}
	EndGlobalSection
EndGlobal
