
Microsoft Visual Studio Solution File, Format Version 12.00
# Visual Studio Version 17
VisualStudioVersion = 17.9.34728.123
MinimumVisualStudioVersion = 10.0.40219.1
Project("{9A19103F-16F7-4668-BE54-9A1E7A4F7556}") = "JAISeqX", "JAISeqX\JAISeqX.csproj", "{BE5B9BED-EA18-49FA-A6A8-A5E2CB521C45}"
EndProject
Global
	GlobalSection(SolutionConfigurationPlatforms) = preSolution
		Debug|Any CPU = Debug|Any CPU
		Debug|x86 = Debug|x86
		Release|Any CPU = Release|Any CPU
		Release|x86 = Release|x86
	EndGlobalSection
	GlobalSection(ProjectConfigurationPlatforms) = postSolution
		{BE5B9BED-EA18-49FA-A6A8-A5E2CB521C45}.Debug|Any CPU.ActiveCfg = Debug|Any CPU
		{BE5B9BED-EA18-49FA-A6A8-A5E2CB521C45}.Debug|Any CPU.Build.0 = Debug|Any CPU
		{BE5B9BED-EA18-49FA-A6A8-A5E2CB521C45}.Debug|x86.ActiveCfg = Debug|x86
		{BE5B9BED-EA18-49FA-A6A8-A5E2CB521C45}.Debug|x86.Build.0 = Debug|x86
		{BE5B9BED-EA18-49FA-A6A8-A5E2CB521C45}.Release|Any CPU.ActiveCfg = Release|Any CPU
		{BE5B9BED-EA18-49FA-A6A8-A5E2CB521C45}.Release|Any CPU.Build.0 = Release|Any CPU
		{BE5B9BED-EA18-49FA-A6A8-A5E2CB521C45}.Release|x86.ActiveCfg = Release|x86
		{BE5B9BED-EA18-49FA-A6A8-A5E2CB521C45}.Release|x86.Build.0 = Release|x86
	EndGlobalSection
	GlobalSection(SolutionProperties) = preSolution
		HideSolutionNode = FALSE
	EndGlobalSection
	GlobalSection(ExtensibilityGlobals) = postSolution
		SolutionGuid = {58D067AF-92BB-46DA-888A-68FF931D6E15}
	EndGlobalSection
EndGlobal
